
Microsoft Visual Studio Solution File, Format Version 12.00
# Visual Studio Version 16
VisualStudioVersion = 16.0.31624.102
MinimumVisualStudioVersion = 10.0.40219.1
Project("{FAE04EC0-301F-11D3-BF4B-00C04F79EFBC}") = "TravelTripProje", "TravelTripProje\TravelTripProje.csproj", "{7E08F2A0-84B4-4946-84B9-4B61F57D3EF4}"
EndProject
Global
	GlobalSection(SolutionConfigurationPlatforms) = preSolution
		Debug|Any CPU = Debug|Any CPU
		Release|Any CPU = Release|Any CPU
	EndGlobalSection
	GlobalSection(ProjectConfigurationPlatforms) = postSolution
		{7E08F2A0-84B4-4946-84B9-4B61F57D3EF4}.Debug|Any CPU.ActiveCfg = Debug|Any CPU
		{7E08F2A0-84B4-4946-84B9-4B61F57D3EF4}.Debug|Any CPU.Build.0 = Debug|Any CPU
		{7E08F2A0-84B4-4946-84B9-4B61F57D3EF4}.Release|Any CPU.ActiveCfg = Release|Any CPU
		{7E08F2A0-84B4-4946-84B9-4B61F57D3EF4}.Release|Any CPU.Build.0 = Release|Any CPU
	EndGlobalSection
	GlobalSection(SolutionProperties) = preSolution
		HideSolutionNode = FALSE
	EndGlobalSection
	GlobalSection(ExtensibilityGlobals) = postSolution
		SolutionGuid = {23A7A224-D785-4A17-B34C-E22DB4CA196D}
	EndGlobalSection
EndGlobal
